// !$*UTF8*$!
{
	archiveVersion = 1;
	classes = {
	};
	objectVersion = 56;
	objects = {

/* Begin PBXBuildFile section */
		41E5C10F2BC8663D00A0D410 /* AppDelegate.swift in Sources */ = {isa = PBXBuildFile; fileRef = 41E5C10E2BC8663D00A0D410 /* AppDelegate.swift */; };
		41E5C1112BC8663D00A0D410 /* SceneDelegate.swift in Sources */ = {isa = PBXBuildFile; fileRef = 41E5C1102BC8663D00A0D410 /* SceneDelegate.swift */; };
		41E5C1132BC8663D00A0D410 /* ViewController.swift in Sources */ = {isa = PBXBuildFile; fileRef = 41E5C1122BC8663D00A0D410 /* ViewController.swift */; };
		41E5C1162BC8663D00A0D410 /* Base in Resources */ = {isa = PBXBuildFile; fileRef = 41E5C1152BC8663D00A0D410 /* Base */; };
		41E5C1182BC8663E00A0D410 /* Assets.xcassets in Resources */ = {isa = PBXBuildFile; fileRef = 41E5C1172BC8663E00A0D410 /* Assets.xcassets */; };
		41E5C11B2BC8663E00A0D410 /* Base in Resources */ = {isa = PBXBuildFile; fileRef = 41E5C11A2BC8663E00A0D410 /* Base */; };
		41E5C1262BC8663F00A0D410 /* loginTests.swift in Sources */ = {isa = PBXBuildFile; fileRef = 41E5C1252BC8663F00A0D410 /* loginTests.swift */; };
		41E5C1302BC8663F00A0D410 /* loginUITests.swift in Sources */ = {isa = PBXBuildFile; fileRef = 41E5C12F2BC8663F00A0D410 /* loginUITests.swift */; };
		41E5C1322BC8663F00A0D410 /* loginUITestsLaunchTests.swift in Sources */ = {isa = PBXBuildFile; fileRef = 41E5C1312BC8663F00A0D410 /* loginUITestsLaunchTests.swift */; };
/* End PBXBuildFile section */

/* Begin PBXContainerItemProxy section */
		41E5C1222BC8663F00A0D410 /* PBXContainerItemProxy */ = {
			isa = PBXContainerItemProxy;
			containerPortal = 41E5C1032BC8663C00A0D410 /* Project object */;
			proxyType = 1;
			remoteGlobalIDString = 41E5C10A2BC8663D00A0D410;
			remoteInfo = login;
		};
		41E5C12C2BC8663F00A0D410 /* PBXContainerItemProxy */ = {
			isa = PBXContainerItemProxy;
			containerPortal = 41E5C1032BC8663C00A0D410 /* Project object */;
			proxyType = 1;
			remoteGlobalIDString = 41E5C10A2BC8663D00A0D410;
			remoteInfo = login;
		};
/* End PBXContainerItemProxy section */

/* Begin PBXFileReference section */
		41E5C10B2BC8663D00A0D410 /* login.app */ = {isa = PBXFileReference; explicitFileType = wrapper.application; includeInIndex = 0; path = login.app; sourceTree = BUILT_PRODUCTS_DIR; };
		41E5C10E2BC8663D00A0D410 /* AppDelegate.swift */ = {isa = PBXFileReference; lastKnownFileType = sourcecode.swift; path = AppDelegate.swift; sourceTree = "<group>"; };
		41E5C1102BC8663D00A0D410 /* SceneDelegate.swift */ = {isa = PBXFileReference; lastKnownFileType = sourcecode.swift; path = SceneDelegate.swift; sourceTree = "<group>"; };
		41E5C1122BC8663D00A0D410 /* ViewController.swift */ = {isa = PBXFileReference; lastKnownFileType = sourcecode.swift; path = ViewController.swift; sourceTree = "<group>"; };
		41E5C1152BC8663D00A0D410 /* Base */ = {isa = PBXFileReference; lastKnownFileType = file.storyboard; name = Base; path = Base.lproj/Main.storyboard; sourceTree = "<group>"; };
		41E5C1172BC8663E00A0D410 /* Assets.xcassets */ = {isa = PBXFileReference; lastKnownFileType = folder.assetcatalog; path = Assets.xcassets; sourceTree = "<group>"; };
		41E5C11A2BC8663E00A0D410 /* Base */ = {isa = PBXFileReference; lastKnownFileType = file.storyboard; name = Base; path = Base.lproj/LaunchScreen.storyboard; sourceTree = "<group>"; };
		41E5C11C2BC8663E00A0D410 /* Info.plist */ = {isa = PBXFileReference; lastKnownFileType = text.plist.xml; path = Info.plist; sourceTree = "<group>"; };
		41E5C1212BC8663F00A0D410 /* loginTests.xctest */ = {isa = PBXFileReference; explicitFileType = wrapper.cfbundle; includeInIndex = 0; path = loginTests.xctest; sourceTree = BUILT_PRODUCTS_DIR; };
		41E5C1252BC8663F00A0D410 /* loginTests.swift */ = {isa = PBXFileReference; lastKnownFileType = sourcecode.swift; path = loginTests.swift; sourceTree = "<group>"; };
		41E5C12B2BC8663F00A0D410 /* loginUITests.xctest */ = {isa = PBXFileReference; explicitFileType = wrapper.cfbundle; includeInIndex = 0; path = loginUITests.xctest; sourceTree = BUILT_PRODUCTS_DIR; };
		41E5C12F2BC8663F00A0D410 /* loginUITests.swift */ = {isa = PBXFileReference; lastKnownFileType = sourcecode.swift; path = loginUITests.swift; sourceTree = "<group>"; };
		41E5C1312BC8663F00A0D410 /* loginUITestsLaunchTests.swift */ = {isa = PBXFileReference; lastKnownFileType = sourcecode.swift; path = loginUITestsLaunchTests.swift; sourceTree = "<group>"; };
/* End PBXFileReference section */

/* Begin PBXFrameworksBuildPhase section */
		41E5C1082BC8663D00A0D410 /* Frameworks */ = {
			isa = PBXFrameworksBuildPhase;
			buildActionMask = 2147483647;
			files = (
			);
			runOnlyForDeploymentPostprocessing = 0;
		};
		41E5C11E2BC8663F00A0D410 /* Frameworks */ = {
			isa = PBXFrameworksBuildPhase;
			buildActionMask = 2147483647;
			files = (
			);
			runOnlyForDeploymentPostprocessing = 0;
		};
		41E5C1282BC8663F00A0D410 /* Frameworks */ = {
			isa = PBXFrameworksBuildPhase;
			buildActionMask = 2147483647;
			files = (
			);
			runOnlyForDeploymentPostprocessing = 0;
		};
/* End PBXFrameworksBuildPhase section */

/* Begin PBXGroup section */
		41E5C1022BC8663C00A0D410 = {
			isa = PBXGroup;
			children = (
				41E5C10D2BC8663D00A0D410 /* login */,
				41E5C1242BC8663F00A0D410 /* loginTests */,
				41E5C12E2BC8663F00A0D410 /* loginUITests */,
				41E5C10C2BC8663D00A0D410 /* Products */,
			);
			sourceTree = "<group>";
		};
		41E5C10C2BC8663D00A0D410 /* Products */ = {
			isa = PBXGroup;
			children = (
				41E5C10B2BC8663D00A0D410 /* login.app */,
				41E5C1212BC8663F00A0D410 /* loginTests.xctest */,
				41E5C12B2BC8663F00A0D410 /* loginUITests.xctest */,
			);
			name = Products;
			sourceTree = "<group>";
		};
		41E5C10D2BC8663D00A0D410 /* login */ = {
			isa = PBXGroup;
			children = (
				41E5C10E2BC8663D00A0D410 /* AppDelegate.swift */,
				41E5C1102BC8663D00A0D410 /* SceneDelegate.swift */,
				41E5C1122BC8663D00A0D410 /* ViewController.swift */,
				41E5C1142BC8663D00A0D410 /* Main.storyboard */,
				41E5C1172BC8663E00A0D410 /* Assets.xcassets */,
				41E5C1192BC8663E00A0D410 /* LaunchScreen.storyboard */,
				41E5C11C2BC8663E00A0D410 /* Info.plist */,
			);
			path = login;
			sourceTree = "<group>";
		};
		41E5C1242BC8663F00A0D410 /* loginTests */ = {
			isa = PBXGroup;
			children = (
				41E5C1252BC8663F00A0D410 /* loginTests.swift */,
			);
			path = loginTests;
			sourceTree = "<group>";
		};
		41E5C12E2BC8663F00A0D410 /* loginUITests */ = {
			isa = PBXGroup;
			children = (
				41E5C12F2BC8663F00A0D410 /* loginUITests.swift */,
				41E5C1312BC8663F00A0D410 /* loginUITestsLaunchTests.swift */,
			);
			path = loginUITests;
			sourceTree = "<group>";
		};
/* End PBXGroup section */

/* Begin PBXNativeTarget section */
		41E5C10A2BC8663D00A0D410 /* login */ = {
			isa = PBXNativeTarget;
			buildConfigurationList = 41E5C1352BC8663F00A0D410 /* Build configuration list for PBXNativeTarget "login" */;
			buildPhases = (
				41E5C1072BC8663D00A0D410 /* Sources */,
				41E5C1082BC8663D00A0D410 /* Frameworks */,
				41E5C1092BC8663D00A0D410 /* Resources */,
			);
			buildRules = (
			);
			dependencies = (
			);
			name = login;
			productName = login;
			productReference = 41E5C10B2BC8663D00A0D410 /* login.app */;
			productType = "com.apple.product-type.application";
		};
		41E5C1202BC8663F00A0D410 /* loginTests */ = {
			isa = PBXNativeTarget;
			buildConfigurationList = 41E5C1382BC8663F00A0D410 /* Build configuration list for PBXNativeTarget "loginTests" */;
			buildPhases = (
				41E5C11D2BC8663F00A0D410 /* Sources */,
				41E5C11E2BC8663F00A0D410 /* Frameworks */,
				41E5C11F2BC8663F00A0D410 /* Resources */,
			);
			buildRules = (
			);
			dependencies = (
				41E5C1232BC8663F00A0D410 /* PBXTargetDependency */,
			);
			name = loginTests;
			productName = loginTests;
			productReference = 41E5C1212BC8663F00A0D410 /* loginTests.xctest */;
			productType = "com.apple.product-type.bundle.unit-test";
		};
		41E5C12A2BC8663F00A0D410 /* loginUITests */ = {
			isa = PBXNativeTarget;
			buildConfigurationList = 41E5C13B2BC8663F00A0D410 /* Build configuration list for PBXNativeTarget "loginUITests" */;
			buildPhases = (
				41E5C1272BC8663F00A0D410 /* Sources */,
				41E5C1282BC8663F00A0D410 /* Frameworks */,
				41E5C1292BC8663F00A0D410 /* Resources */,
			);
			buildRules = (
			);
			dependencies = (
				41E5C12D2BC8663F00A0D410 /* PBXTargetDependency */,
			);
			name = loginUITests;
			productName = loginUITests;
			productReference = 41E5C12B2BC8663F00A0D410 /* loginUITests.xctest */;
			productType = "com.apple.product-type.bundle.ui-testing";
		};
/* End PBXNativeTarget section */

/* Begin PBXProject section */
		41E5C1032BC8663C00A0D410 /* Project object */ = {
			isa = PBXProject;
			attributes = {
				BuildIndependentTargetsInParallel = 1;
				LastSwiftUpdateCheck = 1530;
				LastUpgradeCheck = 1530;
				TargetAttributes = {
					41E5C10A2BC8663D00A0D410 = {
						CreatedOnToolsVersion = 15.3;
					};
					41E5C1202BC8663F00A0D410 = {
						CreatedOnToolsVersion = 15.3;
						TestTargetID = 41E5C10A2BC8663D00A0D410;
					};
					41E5C12A2BC8663F00A0D410 = {
						CreatedOnToolsVersion = 15.3;
						TestTargetID = 41E5C10A2BC8663D00A0D410;
					};
				};
			};
			buildConfigurationList = 41E5C1062BC8663D00A0D410 /* Build configuration list for PBXProject "login" */;
			compatibilityVersion = "Xcode 14.0";
			developmentRegion = en;
			hasScannedForEncodings = 0;
			knownRegions = (
				en,
				Base,
			);
			mainGroup = 41E5C1022BC8663C00A0D410;
			productRefGroup = 41E5C10C2BC8663D00A0D410 /* Products */;
			projectDirPath = "";
			projectRoot = "";
			targets = (
				41E5C10A2BC8663D00A0D410 /* login */,
				41E5C1202BC8663F00A0D410 /* loginTests */,
				41E5C12A2BC8663F00A0D410 /* loginUITests */,
			);
		};
/* End PBXProject section */

/* Begin PBXResourcesBuildPhase section */
		41E5C1092BC8663D00A0D410 /* Resources */ = {
			isa = PBXResourcesBuildPhase;
			buildActionMask = 2147483647;
			files = (
				41E5C1182BC8663E00A0D410 /* Assets.xcassets in Resources */,
				41E5C11B2BC8663E00A0D410 /* Base in Resources */,
				41E5C1162BC8663D00A0D410 /* Base in Resources */,
			);
			runOnlyForDeploymentPostprocessing = 0;
		};
		41E5C11F2BC8663F00A0D410 /* Resources */ = {
			isa = PBXResourcesBuildPhase;
			buildActionMask = 2147483647;
			files = (
			);
			runOnlyForDeploymentPostprocessing = 0;
		};
		41E5C1292BC8663F00A0D410 /* Resources */ = {
			isa = PBXResourcesBuildPhase;
			buildActionMask = 2147483647;
			files = (
			);
			runOnlyForDeploymentPostprocessing = 0;
		};
/* End PBXResourcesBuildPhase section */

/* Begin PBXSourcesBuildPhase section */
		41E5C1072BC8663D00A0D410 /* Sources */ = {
			isa = PBXSourcesBuildPhase;
			buildActionMask = 2147483647;
			files = (
				41E5C1132BC8663D00A0D410 /* ViewController.swift in Sources */,
				41E5C10F2BC8663D00A0D410 /* AppDelegate.swift in Sources */,
				41E5C1112BC8663D00A0D410 /* SceneDelegate.swift in Sources */,
			);
			runOnlyForDeploymentPostprocessing = 0;
		};
		41E5C11D2BC8663F00A0D410 /* Sources */ = {
			isa = PBXSourcesBuildPhase;
			buildActionMask = 2147483647;
			files = (
				41E5C1262BC8663F00A0D410 /* loginTests.swift in Sources */,
			);
			runOnlyForDeploymentPostprocessing = 0;
		};
		41E5C1272BC8663F00A0D410 /* Sources */ = {
			isa = PBXSourcesBuildPhase;
			buildActionMask = 2147483647;
			files = (
				41E5C1322BC8663F00A0D410 /* loginUITestsLaunchTests.swift in Sources */,
				41E5C1302BC8663F00A0D410 /* loginUITests.swift in Sources */,
			);
			runOnlyForDeploymentPostprocessing = 0;
		};
/* End PBXSourcesBuildPhase section */

/* Begin PBXTargetDependency section */
		41E5C1232BC8663F00A0D410 /* PBXTargetDependency */ = {
			isa = PBXTargetDependency;
			target = 41E5C10A2BC8663D00A0D410 /* login */;
			targetProxy = 41E5C1222BC8663F00A0D410 /* PBXContainerItemProxy */;
		};
		41E5C12D2BC8663F00A0D410 /* PBXTargetDependency */ = {
			isa = PBXTargetDependency;
			target = 41E5C10A2BC8663D00A0D410 /* login */;
			targetProxy = 41E5C12C2BC8663F00A0D410 /* PBXContainerItemProxy */;
		};
/* End PBXTargetDependency section */

/* Begin PBXVariantGroup section */
		41E5C1142BC8663D00A0D410 /* Main.storyboard */ = {
			isa = PBXVariantGroup;
			children = (
				41E5C1152BC8663D00A0D410 /* Base */,
			);
			name = Main.storyboard;
			sourceTree = "<group>";
		};
		41E5C1192BC8663E00A0D410 /* LaunchScreen.storyboard */ = {
			isa = PBXVariantGroup;
			children = (
				41E5C11A2BC8663E00A0D410 /* Base */,
			);
			name = LaunchScreen.storyboard;
			sourceTree = "<group>";
		};
/* End PBXVariantGroup section */

/* Begin XCBuildConfiguration section */
		41E5C1332BC8663F00A0D410 /* Debug */ = {
			isa = XCBuildConfiguration;
			buildSettings = {
				ALWAYS_SEARCH_USER_PATHS = NO;
				ASSETCATALOG_COMPILER_GENERATE_SWIFT_ASSET_SYMBOL_EXTENSIONS = YES;
				CLANG_ANALYZER_NONNULL = YES;
				CLANG_ANALYZER_NUMBER_OBJECT_CONVERSION = YES_AGGRESSIVE;
				CLANG_CXX_LANGUAGE_STANDARD = "gnu++20";
				CLANG_ENABLE_MODULES = YES;
				CLANG_ENABLE_OBJC_ARC = YES;
				CLANG_ENABLE_OBJC_WEAK = YES;
				CLANG_WARN_BLOCK_CAPTURE_AUTORELEASING = YES;
				CLANG_WARN_BOOL_CONVERSION = YES;
				CLANG_WARN_COMMA = YES;
				CLANG_WARN_CONSTANT_CONVERSION = YES;
				CLANG_WARN_DEPRECATED_OBJC_IMPLEMENTATIONS = YES;
				CLANG_WARN_DIRECT_OBJC_ISA_USAGE = YES_ERROR;
				CLANG_WARN_DOCUMENTATION_COMMENTS = YES;
				CLANG_WARN_EMPTY_BODY = YES;
				CLANG_WARN_ENUM_CONVERSION = YES;
				CLANG_WARN_INFINITE_RECURSION = YES;
				CLANG_WARN_INT_CONVERSION = YES;
				CLANG_WARN_NON_LITERAL_NULL_CONVERSION = YES;
				CLANG_WARN_OBJC_IMPLICIT_RETAIN_SELF = YES;
				CLANG_WARN_OBJC_LITERAL_CONVERSION = YES;
				CLANG_WARN_OBJC_ROOT_CLASS = YES_ERROR;
				CLANG_WARN_QUOTED_INCLUDE_IN_FRAMEWORK_HEADER = YES;
				CLANG_WARN_RANGE_LOOP_ANALYSIS = YES;
				CLANG_WARN_STRICT_PROTOTYPES = YES;
				CLANG_WARN_SUSPICIOUS_MOVE = YES;
				CLANG_WARN_UNGUARDED_AVAILABILITY = YES_AGGRESSIVE;
				CLANG_WARN_UNREACHABLE_CODE = YES;
				CLANG_WARN__DUPLICATE_METHOD_MATCH = YES;
				COPY_PHASE_STRIP = NO;
				DEBUG_INFORMATION_FORMAT = dwarf;
				ENABLE_STRICT_OBJC_MSGSEND = YES;
				ENABLE_TESTABILITY = YES;
				ENABLE_USER_SCRIPT_SANDBOXING = YES;
				GCC_C_LANGUAGE_STANDARD = gnu17;
				GCC_DYNAMIC_NO_PIC = NO;
				GCC_NO_COMMON_BLOCKS = YES;
				GCC_OPTIMIZATION_LEVEL = 0;
				GCC_PREPROCESSOR_DEFINITIONS = (
					"DEBUG=1",
					"$(inherited)",
				);
				GCC_WARN_64_TO_32_BIT_CONVERSION = YES;
				GCC_WARN_ABOUT_RETURN_TYPE = YES_ERROR;
				GCC_WARN_UNDECLARED_SELECTOR = YES;
				GCC_WARN_UNINITIALIZED_AUTOS = YES_AGGRESSIVE;
				GCC_WARN_UNUSED_FUNCTION = YES;
				GCC_WARN_UNUSED_VARIABLE = YES;
				IPHONEOS_DEPLOYMENT_TARGET = 17.4;
				LOCALIZATION_PREFERS_STRING_CATALOGS = YES;
				MTL_ENABLE_DEBUG_INFO = INCLUDE_SOURCE;
				MTL_FAST_MATH = YES;
				ONLY_ACTIVE_ARCH = YES;
				SDKROOT = iphoneos;
				SWIFT_ACTIVE_COMPILATION_CONDITIONS = "DEBUG $(inherited)";
				SWIFT_OPTIMIZATION_LEVEL = "-Onone";
			};
			name = Debug;
		};
		41E5C1342BC8663F00A0D410 /* Release */ = {
			isa = XCBuildConfiguration;
			buildSettings = {
				ALWAYS_SEARCH_USER_PATHS = NO;
				ASSETCATALOG_COMPILER_GENERATE_SWIFT_ASSET_SYMBOL_EXTENSIONS = YES;
				CLANG_ANALYZER_NONNULL = YES;
				CLANG_ANALYZER_NUMBER_OBJECT_CONVERSION = YES_AGGRESSIVE;
				CLANG_CXX_LANGUAGE_STANDARD = "gnu++20";
				CLANG_ENABLE_MODULES = YES;
				CLANG_ENABLE_OBJC_ARC = YES;
				CLANG_ENABLE_OBJC_WEAK = YES;
				CLANG_WARN_BLOCK_CAPTURE_AUTORELEASING = YES;
				CLANG_WARN_BOOL_CONVERSION = YES;
				CLANG_WARN_COMMA = YES;
				CLANG_WARN_CONSTANT_CONVERSION = YES;
				CLANG_WARN_DEPRECATED_OBJC_IMPLEMENTATIONS = YES;
				CLANG_WARN_DIRECT_OBJC_ISA_USAGE = YES_ERROR;
				CLANG_WARN_DOCUMENTATION_COMMENTS = YES;
				CLANG_WARN_EMPTY_BODY = YES;
				CLANG_WARN_ENUM_CONVERSION = YES;
				CLANG_WARN_INFINITE_RECURSION = YES;
				CLANG_WARN_INT_CONVERSION = YES;
				CLANG_WARN_NON_LITERAL_NULL_CONVERSION = YES;
				CLANG_WARN_OBJC_IMPLICIT_RETAIN_SELF = YES;
				CLANG_WARN_OBJC_LITERAL_CONVERSION = YES;
				CLANG_WARN_OBJC_ROOT_CLASS = YES_ERROR;
				CLANG_WARN_QUOTED_INCLUDE_IN_FRAMEWORK_HEADER = YES;
				CLANG_WARN_RANGE_LOOP_ANALYSIS = YES;
				CLANG_WARN_STRICT_PROTOTYPES = YES;
				CLANG_WARN_SUSPICIOUS_MOVE = YES;
				CLANG_WARN_UNGUARDED_AVAILABILITY = YES_AGGRESSIVE;
				CLANG_WARN_UNREACHABLE_CODE = YES;
				CLANG_WARN__DUPLICATE_METHOD_MATCH = YES;
				COPY_PHASE_STRIP = NO;
				DEBUG_INFORMATION_FORMAT = "dwarf-with-dsym";
				ENABLE_NS_ASSERTIONS = NO;
				ENABLE_STRICT_OBJC_MSGSEND = YES;
				ENABLE_USER_SCRIPT_SANDBOXING = YES;
				GCC_C_LANGUAGE_STANDARD = gnu17;
				GCC_NO_COMMON_BLOCKS = YES;
				GCC_WARN_64_TO_32_BIT_CONVERSION = YES;
				GCC_WARN_ABOUT_RETURN_TYPE = YES_ERROR;
				GCC_WARN_UNDECLARED_SELECTOR = YES;
				GCC_WARN_UNINITIALIZED_AUTOS = YES_AGGRESSIVE;
				GCC_WARN_UNUSED_FUNCTION = YES;
				GCC_WARN_UNUSED_VARIABLE = YES;
				IPHONEOS_DEPLOYMENT_TARGET = 17.4;
				LOCALIZATION_PREFERS_STRING_CATALOGS = YES;
				MTL_ENABLE_DEBUG_INFO = NO;
				MTL_FAST_MATH = YES;
				SDKROOT = iphoneos;
				SWIFT_COMPILATION_MODE = wholemodule;
				VALIDATE_PRODUCT = YES;
			};
			name = Release;
		};
		41E5C1362BC8663F00A0D410 /* Debug */ = {
			isa = XCBuildConfiguration;
			buildSettings = {
				ASSETCATALOG_COMPILER_APPICON_NAME = AppIcon;
				ASSETCATALOG_COMPILER_GLOBAL_ACCENT_COLOR_NAME = AccentColor;
				CODE_SIGN_STYLE = Automatic;
				CURRENT_PROJECT_VERSION = 1;
				DEVELOPMENT_TEAM = 4387UURZT5;
				GENERATE_INFOPLIST_FILE = YES;
				INFOPLIST_FILE = login/Info.plist;
				INFOPLIST_KEY_UIApplicationSupportsIndirectInputEvents = YES;
				INFOPLIST_KEY_UILaunchStoryboardName = LaunchScreen;
				INFOPLIST_KEY_UIMainStoryboardFile = Main;
				INFOPLIST_KEY_UISupportedInterfaceOrientations_iPad = "UIInterfaceOrientationPortrait UIInterfaceOrientationPortraitUpsideDown UIInterfaceOrientationLandscapeLeft UIInterfaceOrientationLandscapeRight";
				INFOPLIST_KEY_UISupportedInterfaceOrientations_iPhone = "UIInterfaceOrientationPortrait UIInterfaceOrientationLandscapeLeft UIInterfaceOrientationLandscapeRight";
				LD_RUNPATH_SEARCH_PATHS = (
					"$(inherited)",
					"@executable_path/Frameworks",
				);
				MARKETING_VERSION = 1.0;
				PRODUCT_BUNDLE_IDENTIFIER = com.minjoo.practice01.login;
				PRODUCT_NAME = "$(TARGET_NAME)";
				SWIFT_EMIT_LOC_STRINGS = YES;
				SWIFT_VERSION = 5.0;
				TARGETED_DEVICE_FAMILY = "1,2";
			};
			name = Debug;
		};
		41E5C1372BC8663F00A0D410 /* Release */ = {
			isa = XCBuildConfiguration;
			buildSettings = {
				ASSETCATALOG_COMPILER_APPICON_NAME = AppIcon;
				ASSETCATALOG_COMPILER_GLOBAL_ACCENT_COLOR_NAME = AccentColor;
				CODE_SIGN_STYLE = Automatic;
				CURRENT_PROJECT_VERSION = 1;
				DEVELOPMENT_TEAM = 4387UURZT5;
				GENERATE_INFOPLIST_FILE = YES;
				INFOPLIST_FILE = login/Info.plist;
				INFOPLIST_KEY_UIApplicationSupportsIndirectInputEvents = YES;
				INFOPLIST_KEY_UILaunchStoryboardName = LaunchScreen;
				INFOPLIST_KEY_UIMainStoryboardFile = Main;
				INFOPLIST_KEY_UISupportedInterfaceOrientations_iPad = "UIInterfaceOrientationPortrait UIInterfaceOrientationPortraitUpsideDown UIInterfaceOrientationLandscapeLeft UIInterfaceOrientationLandscapeRight";
				INFOPLIST_KEY_UISupportedInterfaceOrientations_iPhone = "UIInterfaceOrientationPortrait UIInterfaceOrientationLandscapeLeft UIInterfaceOrientationLandscapeRight";
				LD_RUNPATH_SEARCH_PATHS = (
					"$(inherited)",
					"@executable_path/Frameworks",
				);
				MARKETING_VERSION = 1.0;
				PRODUCT_BUNDLE_IDENTIFIER = com.minjoo.practice01.login;
				PRODUCT_NAME = "$(TARGET_NAME)";
				SWIFT_EMIT_LOC_STRINGS = YES;
				SWIFT_VERSION = 5.0;
				TARGETED_DEVICE_FAMILY = "1,2";
			};
			name = Release;
		};
		41E5C1392BC8663F00A0D410 /* Debug */ = {
			isa = XCBuildConfiguration;
			buildSettings = {
				ALWAYS_EMBED_SWIFT_STANDARD_LIBRARIES = YES;
				BUNDLE_LOADER = "$(TEST_HOST)";
				CODE_SIGN_STYLE = Automatic;
				CURRENT_PROJECT_VERSION = 1;
				DEVELOPMENT_TEAM = 4387UURZT5;
				GENERATE_INFOPLIST_FILE = YES;
				IPHONEOS_DEPLOYMENT_TARGET = 17.4;
				MARKETING_VERSION = 1.0;
				PRODUCT_BUNDLE_IDENTIFIER = com.minjoo.practice01.loginTests;
				PRODUCT_NAME = "$(TARGET_NAME)";
				SWIFT_EMIT_LOC_STRINGS = NO;
				SWIFT_VERSION = 5.0;
				TARGETED_DEVICE_FAMILY = "1,2";
				TEST_HOST = "$(BUILT_PRODUCTS_DIR)/login.app/$(BUNDLE_EXECUTABLE_FOLDER_PATH)/login";
			};
			name = Debug;
		};
		41E5C13A2BC8663F00A0D410 /* Release */ = {
			isa = XCBuildConfiguration;
			buildSettings = {
				ALWAYS_EMBED_SWIFT_STANDARD_LIBRARIES = YES;
				BUNDLE_LOADER = "$(TEST_HOST)";
				CODE_SIGN_STYLE = Automatic;
				CURRENT_PROJECT_VERSION = 1;
				DEVELOPMENT_TEAM = 4387UURZT5;
				GENERATE_INFOPLIST_FILE = YES;
				IPHONEOS_DEPLOYMENT_TARGET = 17.4;
				MARKETING_VERSION = 1.0;
				PRODUCT_BUNDLE_IDENTIFIER = com.minjoo.practice01.loginTests;
				PRODUCT_NAME = "$(TARGET_NAME)";
				SWIFT_EMIT_LOC_STRINGS = NO;
				SWIFT_VERSION = 5.0;
				TARGETED_DEVICE_FAMILY = "1,2";
				TEST_HOST = "$(BUILT_PRODUCTS_DIR)/login.app/$(BUNDLE_EXECUTABLE_FOLDER_PATH)/login";
			};
			name = Release;
		};
		41E5C13C2BC8663F00A0D410 /* Debug */ = {
			isa = XCBuildConfiguration;
			buildSettings = {
				ALWAYS_EMBED_SWIFT_STANDARD_LIBRARIES = YES;
				CODE_SIGN_STYLE = Automatic;
				CURRENT_PROJECT_VERSION = 1;
				DEVELOPMENT_TEAM = 4387UURZT5;
				GENERATE_INFOPLIST_FILE = YES;
				MARKETING_VERSION = 1.0;
				PRODUCT_BUNDLE_IDENTIFIER = com.minjoo.practice01.loginUITests;
				PRODUCT_NAME = "$(TARGET_NAME)";
				SWIFT_EMIT_LOC_STRINGS = NO;
				SWIFT_VERSION = 5.0;
				TARGETED_DEVICE_FAMILY = "1,2";
				TEST_TARGET_NAME = login;
			};
			name = Debug;
		};
		41E5C13D2BC8663F00A0D410 /* Release */ = {
			isa = XCBuildConfiguration;
			buildSettings = {
				ALWAYS_EMBED_SWIFT_STANDARD_LIBRARIES = YES;
				CODE_SIGN_STYLE = Automatic;
				CURRENT_PROJECT_VERSION = 1;
				DEVELOPMENT_TEAM = 4387UURZT5;
				GENERATE_INFOPLIST_FILE = YES;
				MARKETING_VERSION = 1.0;
				PRODUCT_BUNDLE_IDENTIFIER = com.minjoo.practice01.loginUITests;
				PRODUCT_NAME = "$(TARGET_NAME)";
				SWIFT_EMIT_LOC_STRINGS = NO;
				SWIFT_VERSION = 5.0;
				TARGETED_DEVICE_FAMILY = "1,2";
				TEST_TARGET_NAME = login;
			};
			name = Release;
		};
/* End XCBuildConfiguration section */

/* Begin XCConfigurationList section */
		41E5C1062BC8663D00A0D410 /* Build configuration list for PBXProject "login" */ = {
			isa = XCConfigurationList;
			buildConfigurations = (
				41E5C1332BC8663F00A0D410 /* Debug */,
				41E5C1342BC8663F00A0D410 /* Release */,
			);
			defaultConfigurationIsVisible = 0;
			defaultConfigurationName = Release;
		};
		41E5C1352BC8663F00A0D410 /* Build configuration list for PBXNativeTarget "login" */ = {
			isa = XCConfigurationList;
			buildConfigurations = (
				41E5C1362BC8663F00A0D410 /* Debug */,
				41E5C1372BC8663F00A0D410 /* Release */,
			);
			defaultConfigurationIsVisible = 0;
			defaultConfigurationName = Release;
		};
		41E5C1382BC8663F00A0D410 /* Build configuration list for PBXNativeTarget "loginTests" */ = {
			isa = XCConfigurationList;
			buildConfigurations = (
				41E5C1392BC8663F00A0D410 /* Debug */,
				41E5C13A2BC8663F00A0D410 /* Release */,
			);
			defaultConfigurationIsVisible = 0;
			defaultConfigurationName = Release;
		};
		41E5C13B2BC8663F00A0D410 /* Build configuration list for PBXNativeTarget "loginUITests" */ = {
			isa = XCConfigurationList;
			buildConfigurations = (
				41E5C13C2BC8663F00A0D410 /* Debug */,
				41E5C13D2BC8663F00A0D410 /* Release */,
			);
			defaultConfigurationIsVisible = 0;
			defaultConfigurationName = Release;
		};
/* End XCConfigurationList section */
	};
	rootObject = 41E5C1032BC8663C00A0D410 /* Project object */;
}
